
Microsoft Visual Studio Solution File, Format Version 12.00
# Visual Studio Version 16
VisualStudioVersion = 16.0.31729.503
MinimumVisualStudioVersion = 10.0.40219.1
Project("{FAE04EC0-301F-11D3-BF4B-00C04F79EFBC}") = "ArrayReview", "ArrayReview\ArrayReview.csproj", "{CEAE1AF8-136E-461D-8513-00E84D7AD636}"
EndProject
Project("{2150E333-8FDC-42A3-9474-1A3956D46DE8}") = "Solution Items", "Solution Items", "{D1F8D878-B966-48CB-A7E1-CD7C676B92DC}"
	ProjectSection(SolutionItems) = preProject
		.gitignore = .gitignore
	EndProjectSection
EndProject
Global
	GlobalSection(SolutionConfigurationPlatforms) = preSolution
		Debug|Any CPU = Debug|Any CPU
		Release|Any CPU = Release|Any CPU
	EndGlobalSection
	GlobalSection(ProjectConfigurationPlatforms) = postSolution
		{CEAE1AF8-136E-461D-8513-00E84D7AD636}.Debug|Any CPU.ActiveCfg = Debug|Any CPU
		{CEAE1AF8-136E-461D-8513-00E84D7AD636}.Debug|Any CPU.Build.0 = Debug|Any CPU
		{CEAE1AF8-136E-461D-8513-00E84D7AD636}.Release|Any CPU.ActiveCfg = Release|Any CPU
		{CEAE1AF8-136E-461D-8513-00E84D7AD636}.Release|Any CPU.Build.0 = Release|Any CPU
	EndGlobalSection
	GlobalSection(SolutionProperties) = preSolution
		HideSolutionNode = FALSE
	EndGlobalSection
	GlobalSection(ExtensibilityGlobals) = postSolution
		SolutionGuid = {4BB19193-689C-4A6D-90A4-C5CE9C1ADA09}
	EndGlobalSection
EndGlobal
