
Microsoft Visual Studio Solution File, Format Version 12.00
# Visual Studio Version 16
VisualStudioVersion = 16.0.31729.503
MinimumVisualStudioVersion = 10.0.40219.1
Project("{9A19103F-16F7-4668-BE54-9A1E7A4F7556}") = "ArrayReview", "ArrayReview\ArrayReview.csproj", "{CEAE1AF8-136E-461D-8513-00E84D7AD636}"
EndProject
Project("{2150E333-8FDC-42A3-9474-1A3956D46DE8}") = "Solution Items", "Solution Items", "{D1F8D878-B966-48CB-A7E1-CD7C676B92DC}"
	ProjectSection(SolutionItems) = preProject
		.gitignore = .gitignore
	EndProjectSection
EndProject
Project("{9A19103F-16F7-4668-BE54-9A1E7A4F7556}") = "ListReview", "ListReview\ListReview.csproj", "{672975AE-C7FD-4E74-B133-25803459A2A4}"
EndProject
Project("{9A19103F-16F7-4668-BE54-9A1E7A4F7556}") = "TryCatchReview", "TryCatchReview\TryCatchReview.csproj", "{590B31B6-816E-48E6-B9F7-BB74BE068730}"
EndProject
Project("{9A19103F-16F7-4668-BE54-9A1E7A4F7556}") = "StackDemo", "StackDemo\StackDemo.csproj", "{F4DF6959-B19E-416E-A205-21DF17B6A44A}"
EndProject
Project("{9A19103F-16F7-4668-BE54-9A1E7A4F7556}") = "QueueDemo", "QueueDemo\QueueDemo.csproj", "{8EC7CD6F-DF4C-4D23-BB1B-671715573291}"
EndProject
Project("{9A19103F-16F7-4668-BE54-9A1E7A4F7556}") = "DataStructures", "DataStructures\DataStructures.csproj", "{A9BF8FFF-2732-416F-BAC4-AD596729F6B8}"
EndProject
Project("{9A19103F-16F7-4668-BE54-9A1E7A4F7556}") = "ClassDemo", "ClassDemo\ClassDemo.csproj", "{A2DD87A2-32C6-443F-8583-F79A2BAE274E}"
EndProject
Project("{9A19103F-16F7-4668-BE54-9A1E7A4F7556}") = "AssessmentPractice", "AssessmentPractice\AssessmentPractice.csproj", "{1697022E-2788-4EEB-A488-A9AA57E22547}"
EndProject
Project("{9A19103F-16F7-4668-BE54-9A1E7A4F7556}") = "Blackjack", "Blackjack\Blackjack.csproj", "{5A9FEBB6-F70F-4C79-AFC0-323DBB843E3A}"
EndProject
Project("{9A19103F-16F7-4668-BE54-9A1E7A4F7556}") = "MovieDatabase", "MovieDatabase\MovieDatabase.csproj", "{7F0AE2E9-7DCB-4D6C-A427-430FE50C1007}"
EndProject
Project("{FAE04EC0-301F-11D3-BF4B-00C04F79EFBC}") = "MovieList_Jeff", "MovieList_Jeff\MovieList_Jeff.csproj", "{8027B4AE-0AC9-44B4-9296-0D118F309267}"
EndProject
Project("{FAE04EC0-301F-11D3-BF4B-00C04F79EFBC}") = "Game", "Game\Game.csproj", "{E4C45328-3E4E-49D7-A576-C8878FD893DB}"
EndProject
Project("{FAE04EC0-301F-11D3-BF4B-00C04F79EFBC}") = "Mammals", "Mammals\Mammals.csproj", "{723D477A-5BA6-4BCE-8C2D-5005A441B41B}"
EndProject
Project("{FAE04EC0-301F-11D3-BF4B-00C04F79EFBC}") = "OverloadDemo", "OverloadDemo\OverloadDemo.csproj", "{50128AF7-2E4C-4DA4-8B8E-C3E21DAC4E7E}"
EndProject
Project("{FAE04EC0-301F-11D3-BF4B-00C04F79EFBC}") = "Mammals2", "Mammals2\Mammals2.csproj", "{426158F4-A974-4665-A555-9286C5CBB9DA}"
EndProject
Project("{FAE04EC0-301F-11D3-BF4B-00C04F79EFBC}") = "AnimalsDemo", "AnimalsDemo\AnimalsDemo.csproj", "{5CD78178-35CE-4793-B66A-800E2A7CB8AE}"
EndProject
Project("{FAE04EC0-301F-11D3-BF4B-00C04F79EFBC}") = "CarsAndUsedCars", "CarsAndUsedCars\CarsAndUsedCars.csproj", "{1460BDB6-0B6E-4330-BB83-AC5E85455391}"
EndProject
Global
	GlobalSection(SolutionConfigurationPlatforms) = preSolution
		Debug|Any CPU = Debug|Any CPU
		Release|Any CPU = Release|Any CPU
	EndGlobalSection
	GlobalSection(ProjectConfigurationPlatforms) = postSolution
		{CEAE1AF8-136E-461D-8513-00E84D7AD636}.Debug|Any CPU.ActiveCfg = Debug|Any CPU
		{CEAE1AF8-136E-461D-8513-00E84D7AD636}.Debug|Any CPU.Build.0 = Debug|Any CPU
		{CEAE1AF8-136E-461D-8513-00E84D7AD636}.Release|Any CPU.ActiveCfg = Release|Any CPU
		{CEAE1AF8-136E-461D-8513-00E84D7AD636}.Release|Any CPU.Build.0 = Release|Any CPU
		{672975AE-C7FD-4E74-B133-25803459A2A4}.Debug|Any CPU.ActiveCfg = Debug|Any CPU
		{672975AE-C7FD-4E74-B133-25803459A2A4}.Debug|Any CPU.Build.0 = Debug|Any CPU
		{672975AE-C7FD-4E74-B133-25803459A2A4}.Release|Any CPU.ActiveCfg = Release|Any CPU
		{672975AE-C7FD-4E74-B133-25803459A2A4}.Release|Any CPU.Build.0 = Release|Any CPU
		{590B31B6-816E-48E6-B9F7-BB74BE068730}.Debug|Any CPU.ActiveCfg = Debug|Any CPU
		{590B31B6-816E-48E6-B9F7-BB74BE068730}.Debug|Any CPU.Build.0 = Debug|Any CPU
		{590B31B6-816E-48E6-B9F7-BB74BE068730}.Release|Any CPU.ActiveCfg = Release|Any CPU
		{590B31B6-816E-48E6-B9F7-BB74BE068730}.Release|Any CPU.Build.0 = Release|Any CPU
		{F4DF6959-B19E-416E-A205-21DF17B6A44A}.Debug|Any CPU.ActiveCfg = Debug|Any CPU
		{F4DF6959-B19E-416E-A205-21DF17B6A44A}.Debug|Any CPU.Build.0 = Debug|Any CPU
		{F4DF6959-B19E-416E-A205-21DF17B6A44A}.Release|Any CPU.ActiveCfg = Release|Any CPU
		{F4DF6959-B19E-416E-A205-21DF17B6A44A}.Release|Any CPU.Build.0 = Release|Any CPU
		{8EC7CD6F-DF4C-4D23-BB1B-671715573291}.Debug|Any CPU.ActiveCfg = Debug|Any CPU
		{8EC7CD6F-DF4C-4D23-BB1B-671715573291}.Debug|Any CPU.Build.0 = Debug|Any CPU
		{8EC7CD6F-DF4C-4D23-BB1B-671715573291}.Release|Any CPU.ActiveCfg = Release|Any CPU
		{8EC7CD6F-DF4C-4D23-BB1B-671715573291}.Release|Any CPU.Build.0 = Release|Any CPU
		{A9BF8FFF-2732-416F-BAC4-AD596729F6B8}.Debug|Any CPU.ActiveCfg = Debug|Any CPU
		{A9BF8FFF-2732-416F-BAC4-AD596729F6B8}.Debug|Any CPU.Build.0 = Debug|Any CPU
		{A9BF8FFF-2732-416F-BAC4-AD596729F6B8}.Release|Any CPU.ActiveCfg = Release|Any CPU
		{A9BF8FFF-2732-416F-BAC4-AD596729F6B8}.Release|Any CPU.Build.0 = Release|Any CPU
		{A2DD87A2-32C6-443F-8583-F79A2BAE274E}.Debug|Any CPU.ActiveCfg = Debug|Any CPU
		{A2DD87A2-32C6-443F-8583-F79A2BAE274E}.Debug|Any CPU.Build.0 = Debug|Any CPU
		{A2DD87A2-32C6-443F-8583-F79A2BAE274E}.Release|Any CPU.ActiveCfg = Release|Any CPU
		{A2DD87A2-32C6-443F-8583-F79A2BAE274E}.Release|Any CPU.Build.0 = Release|Any CPU
		{1697022E-2788-4EEB-A488-A9AA57E22547}.Debug|Any CPU.ActiveCfg = Debug|Any CPU
		{1697022E-2788-4EEB-A488-A9AA57E22547}.Debug|Any CPU.Build.0 = Debug|Any CPU
		{1697022E-2788-4EEB-A488-A9AA57E22547}.Release|Any CPU.ActiveCfg = Release|Any CPU
		{1697022E-2788-4EEB-A488-A9AA57E22547}.Release|Any CPU.Build.0 = Release|Any CPU
		{5A9FEBB6-F70F-4C79-AFC0-323DBB843E3A}.Debug|Any CPU.ActiveCfg = Debug|Any CPU
		{5A9FEBB6-F70F-4C79-AFC0-323DBB843E3A}.Debug|Any CPU.Build.0 = Debug|Any CPU
		{5A9FEBB6-F70F-4C79-AFC0-323DBB843E3A}.Release|Any CPU.ActiveCfg = Release|Any CPU
		{5A9FEBB6-F70F-4C79-AFC0-323DBB843E3A}.Release|Any CPU.Build.0 = Release|Any CPU
		{7F0AE2E9-7DCB-4D6C-A427-430FE50C1007}.Debug|Any CPU.ActiveCfg = Debug|Any CPU
		{7F0AE2E9-7DCB-4D6C-A427-430FE50C1007}.Debug|Any CPU.Build.0 = Debug|Any CPU
		{7F0AE2E9-7DCB-4D6C-A427-430FE50C1007}.Release|Any CPU.ActiveCfg = Release|Any CPU
		{7F0AE2E9-7DCB-4D6C-A427-430FE50C1007}.Release|Any CPU.Build.0 = Release|Any CPU
		{8027B4AE-0AC9-44B4-9296-0D118F309267}.Debug|Any CPU.ActiveCfg = Debug|Any CPU
		{8027B4AE-0AC9-44B4-9296-0D118F309267}.Debug|Any CPU.Build.0 = Debug|Any CPU
		{8027B4AE-0AC9-44B4-9296-0D118F309267}.Release|Any CPU.ActiveCfg = Release|Any CPU
		{8027B4AE-0AC9-44B4-9296-0D118F309267}.Release|Any CPU.Build.0 = Release|Any CPU
		{E4C45328-3E4E-49D7-A576-C8878FD893DB}.Debug|Any CPU.ActiveCfg = Debug|Any CPU
		{E4C45328-3E4E-49D7-A576-C8878FD893DB}.Debug|Any CPU.Build.0 = Debug|Any CPU
		{E4C45328-3E4E-49D7-A576-C8878FD893DB}.Release|Any CPU.ActiveCfg = Release|Any CPU
		{E4C45328-3E4E-49D7-A576-C8878FD893DB}.Release|Any CPU.Build.0 = Release|Any CPU
		{723D477A-5BA6-4BCE-8C2D-5005A441B41B}.Debug|Any CPU.ActiveCfg = Debug|Any CPU
		{723D477A-5BA6-4BCE-8C2D-5005A441B41B}.Debug|Any CPU.Build.0 = Debug|Any CPU
		{723D477A-5BA6-4BCE-8C2D-5005A441B41B}.Release|Any CPU.ActiveCfg = Release|Any CPU
		{723D477A-5BA6-4BCE-8C2D-5005A441B41B}.Release|Any CPU.Build.0 = Release|Any CPU
		{50128AF7-2E4C-4DA4-8B8E-C3E21DAC4E7E}.Debug|Any CPU.ActiveCfg = Debug|Any CPU
		{50128AF7-2E4C-4DA4-8B8E-C3E21DAC4E7E}.Debug|Any CPU.Build.0 = Debug|Any CPU
		{50128AF7-2E4C-4DA4-8B8E-C3E21DAC4E7E}.Release|Any CPU.ActiveCfg = Release|Any CPU
		{50128AF7-2E4C-4DA4-8B8E-C3E21DAC4E7E}.Release|Any CPU.Build.0 = Release|Any CPU
		{426158F4-A974-4665-A555-9286C5CBB9DA}.Debug|Any CPU.ActiveCfg = Debug|Any CPU
		{426158F4-A974-4665-A555-9286C5CBB9DA}.Debug|Any CPU.Build.0 = Debug|Any CPU
		{426158F4-A974-4665-A555-9286C5CBB9DA}.Release|Any CPU.ActiveCfg = Release|Any CPU
		{426158F4-A974-4665-A555-9286C5CBB9DA}.Release|Any CPU.Build.0 = Release|Any CPU
		{5CD78178-35CE-4793-B66A-800E2A7CB8AE}.Debug|Any CPU.ActiveCfg = Debug|Any CPU
		{5CD78178-35CE-4793-B66A-800E2A7CB8AE}.Debug|Any CPU.Build.0 = Debug|Any CPU
		{5CD78178-35CE-4793-B66A-800E2A7CB8AE}.Release|Any CPU.ActiveCfg = Release|Any CPU
		{5CD78178-35CE-4793-B66A-800E2A7CB8AE}.Release|Any CPU.Build.0 = Release|Any CPU
		{1460BDB6-0B6E-4330-BB83-AC5E85455391}.Debug|Any CPU.ActiveCfg = Debug|Any CPU
		{1460BDB6-0B6E-4330-BB83-AC5E85455391}.Debug|Any CPU.Build.0 = Debug|Any CPU
		{1460BDB6-0B6E-4330-BB83-AC5E85455391}.Release|Any CPU.ActiveCfg = Release|Any CPU
		{1460BDB6-0B6E-4330-BB83-AC5E85455391}.Release|Any CPU.Build.0 = Release|Any CPU
	EndGlobalSection
	GlobalSection(SolutionProperties) = preSolution
		HideSolutionNode = FALSE
	EndGlobalSection
	GlobalSection(ExtensibilityGlobals) = postSolution
		SolutionGuid = {4BB19193-689C-4A6D-90A4-C5CE9C1ADA09}
	EndGlobalSection
EndGlobal
